{
  "name": "kom-twitter-bot",
  "version": "1.0.0",
  "lockfileVersion": 3,
  "requires": true,
  "packages": {
    "": {
      "name": "kom-twitter-bot",
      "version": "1.0.0",
      "license": "MIT",
      "dependencies": {
        "twitter-api-v2": "^1.14.0"
      }
    },
    "node_modules/twitter-api-v2": {
      "version": "1.24.0",
      "resolved": "https://registry.npmjs.org/twitter-api-v2/-/twitter-api-v2-1.24.0.tgz",
      "integrity": "sha512-RDEiuNwnFirvf4c5f1sysgg0rfMQgekXgKt+/UdbNu+Bs5bJ1VbXkqKzdd2a2lPMlDVDbdGUoe2pOd4n25fFVQ==",
      "license": "Apache-2.0"
    }
  }
}
